// !$*UTF8*$!
{
	archiveVersion = 1;
	classes = {
	};
	objectVersion = 56;
	objects = {

/* Begin PBXBuildFile section */
		55002AD12B36DDB9008E5560 /* SnapKit in Frameworks */ = {isa = PBXBuildFile; productRef = 55002AD02B36DDB9008E5560 /* SnapKit */; };
		55002AD32B36DDB9008E5560 /* SnapKit-Dynamic in Frameworks */ = {isa = PBXBuildFile; productRef = 55002AD22B36DDB9008E5560 /* SnapKit-Dynamic */; };
		55002AD62B36DF4E008E5560 /* Localizable.strings in Resources */ = {isa = PBXBuildFile; fileRef = 55002AD82B36DF4E008E5560 /* Localizable.strings */; };
		55002ADD2B36DFE5008E5560 /* NSLocalizedStringPostfixOperator.swift in Sources */ = {isa = PBXBuildFile; fileRef = 55002ADC2B36DFE5008E5560 /* NSLocalizedStringPostfixOperator.swift */; };
		55002AE02B36E10C008E5560 /* CHTextField.swift in Sources */ = {isa = PBXBuildFile; fileRef = 55002ADF2B36E10C008E5560 /* CHTextField.swift */; };
		55002AE22B3741E7008E5560 /* CHButton.swift in Sources */ = {isa = PBXBuildFile; fileRef = 55002AE12B3741E7008E5560 /* CHButton.swift */; };
		55065D5A2B35C64000062EB4 /* NetworkClient.swift in Sources */ = {isa = PBXBuildFile; fileRef = 55065D592B35C64000062EB4 /* NetworkClient.swift */; };
		55065D5C2B35C65300062EB4 /* NetworkRequest.swift in Sources */ = {isa = PBXBuildFile; fileRef = 55065D5B2B35C65300062EB4 /* NetworkRequest.swift */; };
		55065D5E2B35C66B00062EB4 /* NetworkTask.swift in Sources */ = {isa = PBXBuildFile; fileRef = 55065D5D2B35C66B00062EB4 /* NetworkTask.swift */; };
		55065D612B35CF2B00062EB4 /* AuthService.swift in Sources */ = {isa = PBXBuildFile; fileRef = 55065D602B35CF2B00062EB4 /* AuthService.swift */; };
		55065D662B35D0E200062EB4 /* Credentials.swift in Sources */ = {isa = PBXBuildFile; fileRef = 55065D652B35D0E200062EB4 /* Credentials.swift */; };
		55065D6A2B35D35D00062EB4 /* SignInRequest.swift in Sources */ = {isa = PBXBuildFile; fileRef = 55065D692B35D35D00062EB4 /* SignInRequest.swift */; };
		55065D6D2B35D3C600062EB4 /* ApiConstants.swift in Sources */ = {isa = PBXBuildFile; fileRef = 55065D6C2B35D3C600062EB4 /* ApiConstants.swift */; };
		55065D6F2B35D8B900062EB4 /* Token.swift in Sources */ = {isa = PBXBuildFile; fileRef = 55065D6E2B35D8B900062EB4 /* Token.swift */; };
		55065D712B35DAA900062EB4 /* SignUpRequest.swift in Sources */ = {isa = PBXBuildFile; fileRef = 55065D702B35DAA900062EB4 /* SignUpRequest.swift */; };
		557A1FBF2B35E6120043AFBA /* LocationsService.swift in Sources */ = {isa = PBXBuildFile; fileRef = 557A1FBE2B35E6120043AFBA /* LocationsService.swift */; };
		557A1FC42B35E74A0043AFBA /* CoffeeLocation.swift in Sources */ = {isa = PBXBuildFile; fileRef = 557A1FC32B35E74A0043AFBA /* CoffeeLocation.swift */; };
		557A1FC62B35E7840043AFBA /* MapPoint.swift in Sources */ = {isa = PBXBuildFile; fileRef = 557A1FC52B35E7840043AFBA /* MapPoint.swift */; };
		557A1FC82B35E82E0043AFBA /* LocationRequest.swift in Sources */ = {isa = PBXBuildFile; fileRef = 557A1FC72B35E82E0043AFBA /* LocationRequest.swift */; };
		557A1FCB2B35FA5B0043AFBA /* KeychainSwift in Frameworks */ = {isa = PBXBuildFile; productRef = 557A1FCA2B35FA5B0043AFBA /* KeychainSwift */; };
		557A1FCE2B35FAA60043AFBA /* AuthTokenStorage.swift in Sources */ = {isa = PBXBuildFile; fileRef = 557A1FCD2B35FAA60043AFBA /* AuthTokenStorage.swift */; };
		557A1FD02B35FB5D0043AFBA /* KeychainConstants.swift in Sources */ = {isa = PBXBuildFile; fileRef = 557A1FCF2B35FB5D0043AFBA /* KeychainConstants.swift */; };
		557A1FD22B35FE550043AFBA /* LocationMenuService.swift in Sources */ = {isa = PBXBuildFile; fileRef = 557A1FD12B35FE550043AFBA /* LocationMenuService.swift */; };
		557A1FD42B35FFD60043AFBA /* CoffeeLocationMenuItem.swift in Sources */ = {isa = PBXBuildFile; fileRef = 557A1FD32B35FFD60043AFBA /* CoffeeLocationMenuItem.swift */; };
		557A1FD62B36007C0043AFBA /* LocationMenuRequest.swift in Sources */ = {isa = PBXBuildFile; fileRef = 557A1FD52B36007C0043AFBA /* LocationMenuRequest.swift */; };
		557A1FD82B3601E50043AFBA /* CoffeeLocationMenu.swift in Sources */ = {isa = PBXBuildFile; fileRef = 557A1FD72B3601E50043AFBA /* CoffeeLocationMenu.swift */; };
		55EDBCC52B3573AC00ACC778 /* AppDelegate.swift in Sources */ = {isa = PBXBuildFile; fileRef = 55EDBCC42B3573AC00ACC778 /* AppDelegate.swift */; };
		55EDBCC72B3573AC00ACC778 /* SceneDelegate.swift in Sources */ = {isa = PBXBuildFile; fileRef = 55EDBCC62B3573AC00ACC778 /* SceneDelegate.swift */; };
		55EDBCCE2B3573AD00ACC778 /* Assets.xcassets in Resources */ = {isa = PBXBuildFile; fileRef = 55EDBCCD2B3573AD00ACC778 /* Assets.xcassets */; };
		55EDBCD12B3573AD00ACC778 /* LaunchScreen.storyboard in Resources */ = {isa = PBXBuildFile; fileRef = 55EDBCCF2B3573AD00ACC778 /* LaunchScreen.storyboard */; };
		55EDBD082B35C42500ACC778 /* TestViewController.swift in Sources */ = {isa = PBXBuildFile; fileRef = 55EDBD072B35C42500ACC778 /* TestViewController.swift */; };
/* End PBXBuildFile section */

/* Begin PBXFileReference section */
		55002AD72B36DF4E008E5560 /* en */ = {isa = PBXFileReference; lastKnownFileType = text.plist.strings; name = en; path = en.lproj/Localizable.strings; sourceTree = "<group>"; };
		55002AD92B36DF79008E5560 /* ru */ = {isa = PBXFileReference; lastKnownFileType = text.plist.strings; name = ru; path = ru.lproj/LaunchScreen.strings; sourceTree = "<group>"; };
		55002ADA2B36DF79008E5560 /* ru */ = {isa = PBXFileReference; lastKnownFileType = text.plist.strings; name = ru; path = ru.lproj/Localizable.strings; sourceTree = "<group>"; };
		55002ADC2B36DFE5008E5560 /* NSLocalizedStringPostfixOperator.swift */ = {isa = PBXFileReference; lastKnownFileType = sourcecode.swift; path = NSLocalizedStringPostfixOperator.swift; sourceTree = "<group>"; };
		55002ADF2B36E10C008E5560 /* CHTextField.swift */ = {isa = PBXFileReference; lastKnownFileType = sourcecode.swift; path = CHTextField.swift; sourceTree = "<group>"; };
		55002AE12B3741E7008E5560 /* CHButton.swift */ = {isa = PBXFileReference; lastKnownFileType = sourcecode.swift; path = CHButton.swift; sourceTree = "<group>"; };
		55065D592B35C64000062EB4 /* NetworkClient.swift */ = {isa = PBXFileReference; lastKnownFileType = sourcecode.swift; path = NetworkClient.swift; sourceTree = "<group>"; };
		55065D5B2B35C65300062EB4 /* NetworkRequest.swift */ = {isa = PBXFileReference; lastKnownFileType = sourcecode.swift; path = NetworkRequest.swift; sourceTree = "<group>"; };
		55065D5D2B35C66B00062EB4 /* NetworkTask.swift */ = {isa = PBXFileReference; lastKnownFileType = sourcecode.swift; path = NetworkTask.swift; sourceTree = "<group>"; };
		55065D602B35CF2B00062EB4 /* AuthService.swift */ = {isa = PBXFileReference; lastKnownFileType = sourcecode.swift; path = AuthService.swift; sourceTree = "<group>"; };
		55065D652B35D0E200062EB4 /* Credentials.swift */ = {isa = PBXFileReference; lastKnownFileType = sourcecode.swift; path = Credentials.swift; sourceTree = "<group>"; };
		55065D692B35D35D00062EB4 /* SignInRequest.swift */ = {isa = PBXFileReference; lastKnownFileType = sourcecode.swift; path = SignInRequest.swift; sourceTree = "<group>"; };
		55065D6C2B35D3C600062EB4 /* ApiConstants.swift */ = {isa = PBXFileReference; lastKnownFileType = sourcecode.swift; path = ApiConstants.swift; sourceTree = "<group>"; };
		55065D6E2B35D8B900062EB4 /* Token.swift */ = {isa = PBXFileReference; lastKnownFileType = sourcecode.swift; path = Token.swift; sourceTree = "<group>"; };
		55065D702B35DAA900062EB4 /* SignUpRequest.swift */ = {isa = PBXFileReference; lastKnownFileType = sourcecode.swift; path = SignUpRequest.swift; sourceTree = "<group>"; };
		557A1FBE2B35E6120043AFBA /* LocationsService.swift */ = {isa = PBXFileReference; lastKnownFileType = sourcecode.swift; path = LocationsService.swift; sourceTree = "<group>"; };
		557A1FC32B35E74A0043AFBA /* CoffeeLocation.swift */ = {isa = PBXFileReference; lastKnownFileType = sourcecode.swift; path = CoffeeLocation.swift; sourceTree = "<group>"; };
		557A1FC52B35E7840043AFBA /* MapPoint.swift */ = {isa = PBXFileReference; lastKnownFileType = sourcecode.swift; path = MapPoint.swift; sourceTree = "<group>"; };
		557A1FC72B35E82E0043AFBA /* LocationRequest.swift */ = {isa = PBXFileReference; lastKnownFileType = sourcecode.swift; path = LocationRequest.swift; sourceTree = "<group>"; };
		557A1FCD2B35FAA60043AFBA /* AuthTokenStorage.swift */ = {isa = PBXFileReference; lastKnownFileType = sourcecode.swift; path = AuthTokenStorage.swift; sourceTree = "<group>"; };
		557A1FCF2B35FB5D0043AFBA /* KeychainConstants.swift */ = {isa = PBXFileReference; lastKnownFileType = sourcecode.swift; path = KeychainConstants.swift; sourceTree = "<group>"; };
		557A1FD12B35FE550043AFBA /* LocationMenuService.swift */ = {isa = PBXFileReference; lastKnownFileType = sourcecode.swift; path = LocationMenuService.swift; sourceTree = "<group>"; };
		557A1FD32B35FFD60043AFBA /* CoffeeLocationMenuItem.swift */ = {isa = PBXFileReference; lastKnownFileType = sourcecode.swift; path = CoffeeLocationMenuItem.swift; sourceTree = "<group>"; };
		557A1FD52B36007C0043AFBA /* LocationMenuRequest.swift */ = {isa = PBXFileReference; lastKnownFileType = sourcecode.swift; path = LocationMenuRequest.swift; sourceTree = "<group>"; };
		557A1FD72B3601E50043AFBA /* CoffeeLocationMenu.swift */ = {isa = PBXFileReference; lastKnownFileType = sourcecode.swift; path = CoffeeLocationMenu.swift; sourceTree = "<group>"; };
		55EDBCC12B3573AC00ACC778 /* CoffeeHouses-iOS.app */ = {isa = PBXFileReference; explicitFileType = wrapper.application; includeInIndex = 0; path = "CoffeeHouses-iOS.app"; sourceTree = BUILT_PRODUCTS_DIR; };
		55EDBCC42B3573AC00ACC778 /* AppDelegate.swift */ = {isa = PBXFileReference; lastKnownFileType = sourcecode.swift; path = AppDelegate.swift; sourceTree = "<group>"; };
		55EDBCC62B3573AC00ACC778 /* SceneDelegate.swift */ = {isa = PBXFileReference; lastKnownFileType = sourcecode.swift; path = SceneDelegate.swift; sourceTree = "<group>"; };
		55EDBCCD2B3573AD00ACC778 /* Assets.xcassets */ = {isa = PBXFileReference; lastKnownFileType = folder.assetcatalog; path = Assets.xcassets; sourceTree = "<group>"; };
		55EDBCD02B3573AD00ACC778 /* Base */ = {isa = PBXFileReference; lastKnownFileType = file.storyboard; name = Base; path = Base.lproj/LaunchScreen.storyboard; sourceTree = "<group>"; };
		55EDBCD22B3573AD00ACC778 /* Info.plist */ = {isa = PBXFileReference; lastKnownFileType = text.plist.xml; path = Info.plist; sourceTree = "<group>"; };
		55EDBD072B35C42500ACC778 /* TestViewController.swift */ = {isa = PBXFileReference; lastKnownFileType = sourcecode.swift; path = TestViewController.swift; sourceTree = "<group>"; };
/* End PBXFileReference section */

/* Begin PBXFrameworksBuildPhase section */
		55EDBCBE2B3573AC00ACC778 /* Frameworks */ = {
			isa = PBXFrameworksBuildPhase;
			buildActionMask = 2147483647;
			files = (
				557A1FCB2B35FA5B0043AFBA /* KeychainSwift in Frameworks */,
				55002AD12B36DDB9008E5560 /* SnapKit in Frameworks */,
				55002AD32B36DDB9008E5560 /* SnapKit-Dynamic in Frameworks */,
			);
			runOnlyForDeploymentPostprocessing = 0;
		};
/* End PBXFrameworksBuildPhase section */

/* Begin PBXGroup section */
		55002AC22B36D9BF008E5560 /* Modules */ = {
			isa = PBXGroup;
			children = (
				55EDBD062B35C41800ACC778 /* TestModule */,
			);
			path = Modules;
			sourceTree = "<group>";
		};
		55002ACE2B36DA35008E5560 /* UI */ = {
			isa = PBXGroup;
			children = (
				55002ADE2B36E0FD008E5560 /* CustomViews */,
				55002AC22B36D9BF008E5560 /* Modules */,
			);
			path = UI;
			sourceTree = "<group>";
		};
		55002ADB2B36DFC7008E5560 /* Helpers */ = {
			isa = PBXGroup;
			children = (
				55002ADC2B36DFE5008E5560 /* NSLocalizedStringPostfixOperator.swift */,
			);
			path = Helpers;
			sourceTree = "<group>";
		};
		55002ADE2B36E0FD008E5560 /* CustomViews */ = {
			isa = PBXGroup;
			children = (
				55002ADF2B36E10C008E5560 /* CHTextField.swift */,
				55002AE12B3741E7008E5560 /* CHButton.swift */,
			);
			path = CustomViews;
			sourceTree = "<group>";
		};
		55065D582B35C63000062EB4 /* NetworkClient */ = {
			isa = PBXGroup;
			children = (
				55065D592B35C64000062EB4 /* NetworkClient.swift */,
				55065D5B2B35C65300062EB4 /* NetworkRequest.swift */,
				55065D5D2B35C66B00062EB4 /* NetworkTask.swift */,
			);
			path = NetworkClient;
			sourceTree = "<group>";
		};
		55065D5F2B35CEF100062EB4 /* Services */ = {
			isa = PBXGroup;
			children = (
				55065D622B35D04400062EB4 /* Requests */,
				55065D602B35CF2B00062EB4 /* AuthService.swift */,
				557A1FBE2B35E6120043AFBA /* LocationsService.swift */,
				557A1FD12B35FE550043AFBA /* LocationMenuService.swift */,
			);
			path = Services;
			sourceTree = "<group>";
		};
		55065D622B35D04400062EB4 /* Requests */ = {
			isa = PBXGroup;
			children = (
				55065D692B35D35D00062EB4 /* SignInRequest.swift */,
				55065D702B35DAA900062EB4 /* SignUpRequest.swift */,
				557A1FC72B35E82E0043AFBA /* LocationRequest.swift */,
				557A1FD52B36007C0043AFBA /* LocationMenuRequest.swift */,
			);
			path = Requests;
			sourceTree = "<group>";
		};
		55065D632B35D08200062EB4 /* Models */ = {
			isa = PBXGroup;
			children = (
				55065D642B35D08D00062EB4 /* Network */,
				55065D652B35D0E200062EB4 /* Credentials.swift */,
			);
			path = Models;
			sourceTree = "<group>";
		};
		55065D642B35D08D00062EB4 /* Network */ = {
			isa = PBXGroup;
			children = (
				55065D6E2B35D8B900062EB4 /* Token.swift */,
				557A1FC32B35E74A0043AFBA /* CoffeeLocation.swift */,
				557A1FC52B35E7840043AFBA /* MapPoint.swift */,
				557A1FD32B35FFD60043AFBA /* CoffeeLocationMenuItem.swift */,
				557A1FD72B3601E50043AFBA /* CoffeeLocationMenu.swift */,
			);
			path = Network;
			sourceTree = "<group>";
		};
		55065D6B2B35D3AB00062EB4 /* Constants */ = {
			isa = PBXGroup;
			children = (
				55065D6C2B35D3C600062EB4 /* ApiConstants.swift */,
				557A1FCF2B35FB5D0043AFBA /* KeychainConstants.swift */,
			);
			path = Constants;
			sourceTree = "<group>";
		};
		557A1FCC2B35FA660043AFBA /* Storage */ = {
			isa = PBXGroup;
			children = (
				557A1FCD2B35FAA60043AFBA /* AuthTokenStorage.swift */,
			);
			path = Storage;
			sourceTree = "<group>";
		};
		55EDBCB82B3573AC00ACC778 = {
			isa = PBXGroup;
			children = (
				55EDBCC32B3573AC00ACC778 /* CoffeeHouses-iOS */,
				55EDBCC22B3573AC00ACC778 /* Products */,
			);
			sourceTree = "<group>";
		};
		55EDBCC22B3573AC00ACC778 /* Products */ = {
			isa = PBXGroup;
			children = (
				55EDBCC12B3573AC00ACC778 /* CoffeeHouses-iOS.app */,
			);
			name = Products;
			sourceTree = "<group>";
		};
		55EDBCC32B3573AC00ACC778 /* CoffeeHouses-iOS */ = {
			isa = PBXGroup;
			children = (
				55002ACE2B36DA35008E5560 /* UI */,
				55065D6B2B35D3AB00062EB4 /* Constants */,
				55EDBD002B35BB2F00ACC778 /* Application */,
				55EDBD0A2B35C4D500ACC778 /* Foundation */,
				55065D632B35D08200062EB4 /* Models */,
				557A1FCC2B35FA660043AFBA /* Storage */,
				55065D5F2B35CEF100062EB4 /* Services */,
				55EDBCDA2B3574C300ACC778 /* Resources */,
				55EDBCD92B3574B400ACC778 /* Supporting */,
				55002AD82B36DF4E008E5560 /* Localizable.strings */,
			);
			path = "CoffeeHouses-iOS";
			sourceTree = "<group>";
		};
		55EDBCD92B3574B400ACC778 /* Supporting */ = {
			isa = PBXGroup;
			children = (
				55EDBCD22B3573AD00ACC778 /* Info.plist */,
			);
			path = Supporting;
			sourceTree = "<group>";
		};
		55EDBCDA2B3574C300ACC778 /* Resources */ = {
			isa = PBXGroup;
			children = (
				55EDBCCD2B3573AD00ACC778 /* Assets.xcassets */,
				55EDBCCF2B3573AD00ACC778 /* LaunchScreen.storyboard */,
			);
			path = Resources;
			sourceTree = "<group>";
		};
		55EDBD002B35BB2F00ACC778 /* Application */ = {
			isa = PBXGroup;
			children = (
				55EDBCC42B3573AC00ACC778 /* AppDelegate.swift */,
				55EDBCC62B3573AC00ACC778 /* SceneDelegate.swift */,
			);
			path = Application;
			sourceTree = "<group>";
		};
		55EDBD062B35C41800ACC778 /* TestModule */ = {
			isa = PBXGroup;
			children = (
				55EDBD072B35C42500ACC778 /* TestViewController.swift */,
			);
			path = TestModule;
			sourceTree = "<group>";
		};
		55EDBD0A2B35C4D500ACC778 /* Foundation */ = {
			isa = PBXGroup;
			children = (
				55002ADB2B36DFC7008E5560 /* Helpers */,
				55065D582B35C63000062EB4 /* NetworkClient */,
			);
			path = Foundation;
			sourceTree = "<group>";
		};
/* End PBXGroup section */

/* Begin PBXNativeTarget section */
		55EDBCC02B3573AC00ACC778 /* CoffeeHouses-iOS */ = {
			isa = PBXNativeTarget;
			buildConfigurationList = 55EDBCD52B3573AD00ACC778 /* Build configuration list for PBXNativeTarget "CoffeeHouses-iOS" */;
			buildPhases = (
				55EDBCBD2B3573AC00ACC778 /* Sources */,
				55EDBCBE2B3573AC00ACC778 /* Frameworks */,
				55EDBCBF2B3573AC00ACC778 /* Resources */,
			);
			buildRules = (
			);
			dependencies = (
			);
			name = "CoffeeHouses-iOS";
			packageProductDependencies = (
				557A1FCA2B35FA5B0043AFBA /* KeychainSwift */,
				55002AD02B36DDB9008E5560 /* SnapKit */,
				55002AD22B36DDB9008E5560 /* SnapKit-Dynamic */,
			);
			productName = "CoffeeHouses-iOS";
			productReference = 55EDBCC12B3573AC00ACC778 /* CoffeeHouses-iOS.app */;
			productType = "com.apple.product-type.application";
		};
/* End PBXNativeTarget section */

/* Begin PBXProject section */
		55EDBCB92B3573AC00ACC778 /* Project object */ = {
			isa = PBXProject;
			attributes = {
				BuildIndependentTargetsInParallel = 1;
				LastSwiftUpdateCheck = 1510;
				LastUpgradeCheck = 1510;
				TargetAttributes = {
					55EDBCC02B3573AC00ACC778 = {
						CreatedOnToolsVersion = 15.1;
					};
				};
			};
			buildConfigurationList = 55EDBCBC2B3573AC00ACC778 /* Build configuration list for PBXProject "CoffeeHouses-iOS" */;
			compatibilityVersion = "Xcode 14.0";
			developmentRegion = en;
			hasScannedForEncodings = 0;
			knownRegions = (
				en,
				Base,
				ru,
			);
			mainGroup = 55EDBCB82B3573AC00ACC778;
			packageReferences = (
				557A1FC92B35FA5B0043AFBA /* XCRemoteSwiftPackageReference "keychain-swift" */,
				55002ACF2B36DDB9008E5560 /* XCRemoteSwiftPackageReference "SnapKit" */,
			);
			productRefGroup = 55EDBCC22B3573AC00ACC778 /* Products */;
			projectDirPath = "";
			projectRoot = "";
			targets = (
				55EDBCC02B3573AC00ACC778 /* CoffeeHouses-iOS */,
			);
		};
/* End PBXProject section */

/* Begin PBXResourcesBuildPhase section */
		55EDBCBF2B3573AC00ACC778 /* Resources */ = {
			isa = PBXResourcesBuildPhase;
			buildActionMask = 2147483647;
			files = (
				55EDBCD12B3573AD00ACC778 /* LaunchScreen.storyboard in Resources */,
				55002AD62B36DF4E008E5560 /* Localizable.strings in Resources */,
				55EDBCCE2B3573AD00ACC778 /* Assets.xcassets in Resources */,
			);
			runOnlyForDeploymentPostprocessing = 0;
		};
/* End PBXResourcesBuildPhase section */

/* Begin PBXSourcesBuildPhase section */
		55EDBCBD2B3573AC00ACC778 /* Sources */ = {
			isa = PBXSourcesBuildPhase;
			buildActionMask = 2147483647;
			files = (
				55065D662B35D0E200062EB4 /* Credentials.swift in Sources */,
				557A1FD42B35FFD60043AFBA /* CoffeeLocationMenuItem.swift in Sources */,
				557A1FBF2B35E6120043AFBA /* LocationsService.swift in Sources */,
				557A1FC82B35E82E0043AFBA /* LocationRequest.swift in Sources */,
				55EDBCC52B3573AC00ACC778 /* AppDelegate.swift in Sources */,
				55065D6D2B35D3C600062EB4 /* ApiConstants.swift in Sources */,
				55065D5E2B35C66B00062EB4 /* NetworkTask.swift in Sources */,
				55002ADD2B36DFE5008E5560 /* NSLocalizedStringPostfixOperator.swift in Sources */,
				557A1FD62B36007C0043AFBA /* LocationMenuRequest.swift in Sources */,
				55002AE02B36E10C008E5560 /* CHTextField.swift in Sources */,
				55065D6A2B35D35D00062EB4 /* SignInRequest.swift in Sources */,
				557A1FC42B35E74A0043AFBA /* CoffeeLocation.swift in Sources */,
				55065D712B35DAA900062EB4 /* SignUpRequest.swift in Sources */,
				55EDBD082B35C42500ACC778 /* TestViewController.swift in Sources */,
				557A1FCE2B35FAA60043AFBA /* AuthTokenStorage.swift in Sources */,
				557A1FD02B35FB5D0043AFBA /* KeychainConstants.swift in Sources */,
				55002AE22B3741E7008E5560 /* CHButton.swift in Sources */,
				55EDBCC72B3573AC00ACC778 /* SceneDelegate.swift in Sources */,
				557A1FD82B3601E50043AFBA /* CoffeeLocationMenu.swift in Sources */,
				55065D6F2B35D8B900062EB4 /* Token.swift in Sources */,
				557A1FC62B35E7840043AFBA /* MapPoint.swift in Sources */,
				557A1FD22B35FE550043AFBA /* LocationMenuService.swift in Sources */,
				55065D5A2B35C64000062EB4 /* NetworkClient.swift in Sources */,
				55065D5C2B35C65300062EB4 /* NetworkRequest.swift in Sources */,
				55065D612B35CF2B00062EB4 /* AuthService.swift in Sources */,
			);
			runOnlyForDeploymentPostprocessing = 0;
		};
/* End PBXSourcesBuildPhase section */

/* Begin PBXVariantGroup section */
		55002AD82B36DF4E008E5560 /* Localizable.strings */ = {
			isa = PBXVariantGroup;
			children = (
				55002AD72B36DF4E008E5560 /* en */,
				55002ADA2B36DF79008E5560 /* ru */,
			);
			name = Localizable.strings;
			sourceTree = "<group>";
		};
		55EDBCCF2B3573AD00ACC778 /* LaunchScreen.storyboard */ = {
			isa = PBXVariantGroup;
			children = (
				55EDBCD02B3573AD00ACC778 /* Base */,
				55002AD92B36DF79008E5560 /* ru */,
			);
			name = LaunchScreen.storyboard;
			sourceTree = "<group>";
		};
/* End PBXVariantGroup section */

/* Begin XCBuildConfiguration section */
		55EDBCD32B3573AD00ACC778 /* Debug */ = {
			isa = XCBuildConfiguration;
			buildSettings = {
				ALWAYS_SEARCH_USER_PATHS = NO;
				ASSETCATALOG_COMPILER_GENERATE_SWIFT_ASSET_SYMBOL_EXTENSIONS = YES;
				CLANG_ANALYZER_LOCALIZABILITY_NONLOCALIZED = YES;
				CLANG_ANALYZER_NONNULL = YES;
				CLANG_ANALYZER_NUMBER_OBJECT_CONVERSION = YES_AGGRESSIVE;
				CLANG_CXX_LANGUAGE_STANDARD = "gnu++20";
				CLANG_ENABLE_MODULES = YES;
				CLANG_ENABLE_OBJC_ARC = YES;
				CLANG_ENABLE_OBJC_WEAK = YES;
				CLANG_WARN_BLOCK_CAPTURE_AUTORELEASING = YES;
				CLANG_WARN_BOOL_CONVERSION = YES;
				CLANG_WARN_COMMA = YES;
				CLANG_WARN_CONSTANT_CONVERSION = YES;
				CLANG_WARN_DEPRECATED_OBJC_IMPLEMENTATIONS = YES;
				CLANG_WARN_DIRECT_OBJC_ISA_USAGE = YES_ERROR;
				CLANG_WARN_DOCUMENTATION_COMMENTS = YES;
				CLANG_WARN_EMPTY_BODY = YES;
				CLANG_WARN_ENUM_CONVERSION = YES;
				CLANG_WARN_INFINITE_RECURSION = YES;
				CLANG_WARN_INT_CONVERSION = YES;
				CLANG_WARN_NON_LITERAL_NULL_CONVERSION = YES;
				CLANG_WARN_OBJC_IMPLICIT_RETAIN_SELF = YES;
				CLANG_WARN_OBJC_LITERAL_CONVERSION = YES;
				CLANG_WARN_OBJC_ROOT_CLASS = YES_ERROR;
				CLANG_WARN_QUOTED_INCLUDE_IN_FRAMEWORK_HEADER = YES;
				CLANG_WARN_RANGE_LOOP_ANALYSIS = YES;
				CLANG_WARN_STRICT_PROTOTYPES = YES;
				CLANG_WARN_SUSPICIOUS_MOVE = YES;
				CLANG_WARN_UNGUARDED_AVAILABILITY = YES_AGGRESSIVE;
				CLANG_WARN_UNREACHABLE_CODE = YES;
				CLANG_WARN__DUPLICATE_METHOD_MATCH = YES;
				COPY_PHASE_STRIP = NO;
				DEBUG_INFORMATION_FORMAT = dwarf;
				ENABLE_STRICT_OBJC_MSGSEND = YES;
				ENABLE_TESTABILITY = YES;
				ENABLE_USER_SCRIPT_SANDBOXING = YES;
				GCC_C_LANGUAGE_STANDARD = gnu17;
				GCC_DYNAMIC_NO_PIC = NO;
				GCC_NO_COMMON_BLOCKS = YES;
				GCC_OPTIMIZATION_LEVEL = 0;
				GCC_PREPROCESSOR_DEFINITIONS = (
					"DEBUG=1",
					"$(inherited)",
				);
				GCC_WARN_64_TO_32_BIT_CONVERSION = YES;
				GCC_WARN_ABOUT_RETURN_TYPE = YES_ERROR;
				GCC_WARN_UNDECLARED_SELECTOR = YES;
				GCC_WARN_UNINITIALIZED_AUTOS = YES_AGGRESSIVE;
				GCC_WARN_UNUSED_FUNCTION = YES;
				GCC_WARN_UNUSED_VARIABLE = YES;
				IPHONEOS_DEPLOYMENT_TARGET = 17.2;
				LOCALIZATION_PREFERS_STRING_CATALOGS = YES;
				MTL_ENABLE_DEBUG_INFO = INCLUDE_SOURCE;
				MTL_FAST_MATH = YES;
				ONLY_ACTIVE_ARCH = YES;
				SDKROOT = iphoneos;
				SWIFT_ACTIVE_COMPILATION_CONDITIONS = "DEBUG $(inherited)";
				SWIFT_OPTIMIZATION_LEVEL = "-Onone";
			};
			name = Debug;
		};
		55EDBCD42B3573AD00ACC778 /* Release */ = {
			isa = XCBuildConfiguration;
			buildSettings = {
				ALWAYS_SEARCH_USER_PATHS = NO;
				ASSETCATALOG_COMPILER_GENERATE_SWIFT_ASSET_SYMBOL_EXTENSIONS = YES;
				CLANG_ANALYZER_LOCALIZABILITY_NONLOCALIZED = YES;
				CLANG_ANALYZER_NONNULL = YES;
				CLANG_ANALYZER_NUMBER_OBJECT_CONVERSION = YES_AGGRESSIVE;
				CLANG_CXX_LANGUAGE_STANDARD = "gnu++20";
				CLANG_ENABLE_MODULES = YES;
				CLANG_ENABLE_OBJC_ARC = YES;
				CLANG_ENABLE_OBJC_WEAK = YES;
				CLANG_WARN_BLOCK_CAPTURE_AUTORELEASING = YES;
				CLANG_WARN_BOOL_CONVERSION = YES;
				CLANG_WARN_COMMA = YES;
				CLANG_WARN_CONSTANT_CONVERSION = YES;
				CLANG_WARN_DEPRECATED_OBJC_IMPLEMENTATIONS = YES;
				CLANG_WARN_DIRECT_OBJC_ISA_USAGE = YES_ERROR;
				CLANG_WARN_DOCUMENTATION_COMMENTS = YES;
				CLANG_WARN_EMPTY_BODY = YES;
				CLANG_WARN_ENUM_CONVERSION = YES;
				CLANG_WARN_INFINITE_RECURSION = YES;
				CLANG_WARN_INT_CONVERSION = YES;
				CLANG_WARN_NON_LITERAL_NULL_CONVERSION = YES;
				CLANG_WARN_OBJC_IMPLICIT_RETAIN_SELF = YES;
				CLANG_WARN_OBJC_LITERAL_CONVERSION = YES;
				CLANG_WARN_OBJC_ROOT_CLASS = YES_ERROR;
				CLANG_WARN_QUOTED_INCLUDE_IN_FRAMEWORK_HEADER = YES;
				CLANG_WARN_RANGE_LOOP_ANALYSIS = YES;
				CLANG_WARN_STRICT_PROTOTYPES = YES;
				CLANG_WARN_SUSPICIOUS_MOVE = YES;
				CLANG_WARN_UNGUARDED_AVAILABILITY = YES_AGGRESSIVE;
				CLANG_WARN_UNREACHABLE_CODE = YES;
				CLANG_WARN__DUPLICATE_METHOD_MATCH = YES;
				COPY_PHASE_STRIP = NO;
				DEBUG_INFORMATION_FORMAT = "dwarf-with-dsym";
				ENABLE_NS_ASSERTIONS = NO;
				ENABLE_STRICT_OBJC_MSGSEND = YES;
				ENABLE_USER_SCRIPT_SANDBOXING = YES;
				GCC_C_LANGUAGE_STANDARD = gnu17;
				GCC_NO_COMMON_BLOCKS = YES;
				GCC_WARN_64_TO_32_BIT_CONVERSION = YES;
				GCC_WARN_ABOUT_RETURN_TYPE = YES_ERROR;
				GCC_WARN_UNDECLARED_SELECTOR = YES;
				GCC_WARN_UNINITIALIZED_AUTOS = YES_AGGRESSIVE;
				GCC_WARN_UNUSED_FUNCTION = YES;
				GCC_WARN_UNUSED_VARIABLE = YES;
				IPHONEOS_DEPLOYMENT_TARGET = 17.2;
				LOCALIZATION_PREFERS_STRING_CATALOGS = YES;
				MTL_ENABLE_DEBUG_INFO = NO;
				MTL_FAST_MATH = YES;
				SDKROOT = iphoneos;
				SWIFT_COMPILATION_MODE = wholemodule;
				VALIDATE_PRODUCT = YES;
			};
			name = Release;
		};
		55EDBCD62B3573AD00ACC778 /* Debug */ = {
			isa = XCBuildConfiguration;
			buildSettings = {
				ASSETCATALOG_COMPILER_APPICON_NAME = AppIcon;
				ASSETCATALOG_COMPILER_GLOBAL_ACCENT_COLOR_NAME = AccentColor;
				CODE_SIGN_STYLE = Automatic;
				CURRENT_PROJECT_VERSION = 1;
				DEVELOPMENT_TEAM = DSCAQDF936;
				GENERATE_INFOPLIST_FILE = YES;
				INFOPLIST_FILE = "CoffeeHouses-iOS/Supporting/Info.plist";
				INFOPLIST_KEY_UIApplicationSupportsIndirectInputEvents = YES;
				INFOPLIST_KEY_UILaunchStoryboardName = LaunchScreen;
				INFOPLIST_KEY_UISupportedInterfaceOrientations_iPad = "UIInterfaceOrientationPortrait UIInterfaceOrientationPortraitUpsideDown UIInterfaceOrientationLandscapeLeft UIInterfaceOrientationLandscapeRight";
				INFOPLIST_KEY_UISupportedInterfaceOrientations_iPhone = "UIInterfaceOrientationPortrait UIInterfaceOrientationLandscapeLeft UIInterfaceOrientationLandscapeRight";
				LD_RUNPATH_SEARCH_PATHS = (
					"$(inherited)",
					"@executable_path/Frameworks",
				);
				MARKETING_VERSION = 1.0;
				PRODUCT_BUNDLE_IDENTIFIER = "com.andreyulanov.CoffeeHouses-iOS";
				PRODUCT_NAME = "$(TARGET_NAME)";
				SWIFT_EMIT_LOC_STRINGS = YES;
				SWIFT_VERSION = 5.0;
				TARGETED_DEVICE_FAMILY = "1,2";
			};
			name = Debug;
		};
		55EDBCD72B3573AD00ACC778 /* Release */ = {
			isa = XCBuildConfiguration;
			buildSettings = {
				ASSETCATALOG_COMPILER_APPICON_NAME = AppIcon;
				ASSETCATALOG_COMPILER_GLOBAL_ACCENT_COLOR_NAME = AccentColor;
				CODE_SIGN_STYLE = Automatic;
				CURRENT_PROJECT_VERSION = 1;
				DEVELOPMENT_TEAM = DSCAQDF936;
				GENERATE_INFOPLIST_FILE = YES;
				INFOPLIST_FILE = "CoffeeHouses-iOS/Supporting/Info.plist";
				INFOPLIST_KEY_UIApplicationSupportsIndirectInputEvents = YES;
				INFOPLIST_KEY_UILaunchStoryboardName = LaunchScreen;
				INFOPLIST_KEY_UISupportedInterfaceOrientations_iPad = "UIInterfaceOrientationPortrait UIInterfaceOrientationPortraitUpsideDown UIInterfaceOrientationLandscapeLeft UIInterfaceOrientationLandscapeRight";
				INFOPLIST_KEY_UISupportedInterfaceOrientations_iPhone = "UIInterfaceOrientationPortrait UIInterfaceOrientationLandscapeLeft UIInterfaceOrientationLandscapeRight";
				LD_RUNPATH_SEARCH_PATHS = (
					"$(inherited)",
					"@executable_path/Frameworks",
				);
				MARKETING_VERSION = 1.0;
				PRODUCT_BUNDLE_IDENTIFIER = "com.andreyulanov.CoffeeHouses-iOS";
				PRODUCT_NAME = "$(TARGET_NAME)";
				SWIFT_EMIT_LOC_STRINGS = YES;
				SWIFT_VERSION = 5.0;
				TARGETED_DEVICE_FAMILY = "1,2";
			};
			name = Release;
		};
/* End XCBuildConfiguration section */

/* Begin XCConfigurationList section */
		55EDBCBC2B3573AC00ACC778 /* Build configuration list for PBXProject "CoffeeHouses-iOS" */ = {
			isa = XCConfigurationList;
			buildConfigurations = (
				55EDBCD32B3573AD00ACC778 /* Debug */,
				55EDBCD42B3573AD00ACC778 /* Release */,
			);
			defaultConfigurationIsVisible = 0;
			defaultConfigurationName = Release;
		};
		55EDBCD52B3573AD00ACC778 /* Build configuration list for PBXNativeTarget "CoffeeHouses-iOS" */ = {
			isa = XCConfigurationList;
			buildConfigurations = (
				55EDBCD62B3573AD00ACC778 /* Debug */,
				55EDBCD72B3573AD00ACC778 /* Release */,
			);
			defaultConfigurationIsVisible = 0;
			defaultConfigurationName = Release;
		};
/* End XCConfigurationList section */

/* Begin XCRemoteSwiftPackageReference section */
		55002ACF2B36DDB9008E5560 /* XCRemoteSwiftPackageReference "SnapKit" */ = {
			isa = XCRemoteSwiftPackageReference;
			repositoryURL = "https://github.com/SnapKit/SnapKit.git";
			requirement = {
				kind = upToNextMajorVersion;
				minimumVersion = 5.6.0;
			};
		};
		557A1FC92B35FA5B0043AFBA /* XCRemoteSwiftPackageReference "keychain-swift" */ = {
			isa = XCRemoteSwiftPackageReference;
			repositoryURL = "https://github.com/evgenyneu/keychain-swift.git";
			requirement = {
				kind = upToNextMajorVersion;
				minimumVersion = 20.0.0;
			};
		};
/* End XCRemoteSwiftPackageReference section */

/* Begin XCSwiftPackageProductDependency section */
		55002AD02B36DDB9008E5560 /* SnapKit */ = {
			isa = XCSwiftPackageProductDependency;
			package = 55002ACF2B36DDB9008E5560 /* XCRemoteSwiftPackageReference "SnapKit" */;
			productName = SnapKit;
		};
		55002AD22B36DDB9008E5560 /* SnapKit-Dynamic */ = {
			isa = XCSwiftPackageProductDependency;
			package = 55002ACF2B36DDB9008E5560 /* XCRemoteSwiftPackageReference "SnapKit" */;
			productName = "SnapKit-Dynamic";
		};
		557A1FCA2B35FA5B0043AFBA /* KeychainSwift */ = {
			isa = XCSwiftPackageProductDependency;
			package = 557A1FC92B35FA5B0043AFBA /* XCRemoteSwiftPackageReference "keychain-swift" */;
			productName = KeychainSwift;
		};
/* End XCSwiftPackageProductDependency section */
	};
	rootObject = 55EDBCB92B3573AC00ACC778 /* Project object */;
}
